
Microsoft Visual Studio Solution File, Format Version 12.00
# Visual Studio Version 16
VisualStudioVersion = 16.0.31702.278
MinimumVisualStudioVersion = 10.0.40219.1
Project("{9A19103F-16F7-4668-BE54-9A1E7A4F7556}") = "AnimalAdoption.Web.Portal", "AnimalAdoption.Web.Portal\AnimalAdoption.Web.Portal.csproj", "{58DB617C-3059-46A1-A974-1BF3D7C0FB07}"
EndProject
Project("{9A19103F-16F7-4668-BE54-9A1E7A4F7556}") = "AnimalAdoption.Common.Logic", "AnimalAdoption.Common.Logic\AnimalAdoption.Common.Logic.csproj", "{B3F80AF6-F44A-4D85-9BA9-DF57EFD4C58D}"
EndProject
Project("{9A19103F-16F7-4668-BE54-9A1E7A4F7556}") = "AnimalAdoption.Common.Domain", "AnimalAdoption.Common.Domain\AnimalAdoption.Common.Domain.csproj", "{20900EAC-5226-472E-A932-CA260678433F}"
EndProject
Global
	GlobalSection(SolutionConfigurationPlatforms) = preSolution
		Debug|Any CPU = Debug|Any CPU
		Release|Any CPU = Release|Any CPU
	EndGlobalSection
	GlobalSection(ProjectConfigurationPlatforms) = postSolution
		{58DB617C-3059-46A1-A974-1BF3D7C0FB07}.Debug|Any CPU.ActiveCfg = Debug|Any CPU
		{58DB617C-3059-46A1-A974-1BF3D7C0FB07}.Debug|Any CPU.Build.0 = Debug|Any CPU
		{58DB617C-3059-46A1-A974-1BF3D7C0FB07}.Release|Any CPU.ActiveCfg = Release|Any CPU
		{58DB617C-3059-46A1-A974-1BF3D7C0FB07}.Release|Any CPU.Build.0 = Release|Any CPU
		{B3F80AF6-F44A-4D85-9BA9-DF57EFD4C58D}.Debug|Any CPU.ActiveCfg = Debug|Any CPU
		{B3F80AF6-F44A-4D85-9BA9-DF57EFD4C58D}.Debug|Any CPU.Build.0 = Debug|Any CPU
		{B3F80AF6-F44A-4D85-9BA9-DF57EFD4C58D}.Release|Any CPU.ActiveCfg = Release|Any CPU
		{B3F80AF6-F44A-4D85-9BA9-DF57EFD4C58D}.Release|Any CPU.Build.0 = Release|Any CPU
		{20900EAC-5226-472E-A932-CA260678433F}.Debug|Any CPU.ActiveCfg = Debug|Any CPU
		{20900EAC-5226-472E-A932-CA260678433F}.Debug|Any CPU.Build.0 = Debug|Any CPU
		{20900EAC-5226-472E-A932-CA260678433F}.Release|Any CPU.ActiveCfg = Release|Any CPU
		{20900EAC-5226-472E-A932-CA260678433F}.Release|Any CPU.Build.0 = Release|Any CPU
	EndGlobalSection
	GlobalSection(SolutionProperties) = preSolution
		HideSolutionNode = FALSE
	EndGlobalSection
	GlobalSection(ExtensibilityGlobals) = postSolution
		SolutionGuid = {8EDFE211-090C-4221-9361-8D5AE80A75CF}
	EndGlobalSection
EndGlobal
